
Microsoft Visual Studio Solution File, Format Version 12.00
# Visual Studio Version 16
VisualStudioVersion = 16.0.28803.452
MinimumVisualStudioVersion = 10.0.40219.1
Project("{FAE04EC0-301F-11D3-BF4B-00C04F79EFBC}") = "StudentExercisesMVC", "StudentExercisesMVC\StudentExercisesMVC.csproj", "{3783427D-FE86-4C38-B1E1-ED6CEDD06993}"
EndProject
Global
	GlobalSection(SolutionConfigurationPlatforms) = preSolution
		Debug|Any CPU = Debug|Any CPU
		Release|Any CPU = Release|Any CPU
	EndGlobalSection
	GlobalSection(ProjectConfigurationPlatforms) = postSolution
		{3783427D-FE86-4C38-B1E1-ED6CEDD06993}.Debug|Any CPU.ActiveCfg = Debug|Any CPU
		{3783427D-FE86-4C38-B1E1-ED6CEDD06993}.Debug|Any CPU.Build.0 = Debug|Any CPU
		{3783427D-FE86-4C38-B1E1-ED6CEDD06993}.Release|Any CPU.ActiveCfg = Release|Any CPU
		{3783427D-FE86-4C38-B1E1-ED6CEDD06993}.Release|Any CPU.Build.0 = Release|Any CPU
	EndGlobalSection
	GlobalSection(SolutionProperties) = preSolution
		HideSolutionNode = FALSE
	EndGlobalSection
	GlobalSection(ExtensibilityGlobals) = postSolution
		SolutionGuid = {845DFA46-4BB9-43D4-97A8-896D47EC7C4A}
	EndGlobalSection
EndGlobal
